
Microsoft Visual Studio Solution File, Format Version 12.00
# Visual Studio 15
Project("{FAE04EC0-301F-11D3-BF4B-00C04F79EFBC}") = "Unity.Timeline", "Unity.Timeline.csproj", "{3A1B12D8-7E53-0A61-9CA1-784D3A6EEFB4}"
EndProject
Project("{FAE04EC0-301F-11D3-BF4B-00C04F79EFBC}") = "Unity.Timeline.Editor", "Unity.Timeline.Editor.csproj", "{81DBB93D-BEC3-2FFA-6963-DE49D3819220}"
EndProject
Project("{FAE04EC0-301F-11D3-BF4B-00C04F79EFBC}") = "Unity.TerrainTools.Editor", "Unity.TerrainTools.Editor.csproj", "{624DD7AC-2E67-C9D3-EDED-048D8DB5ED2B}"
EndProject
Project("{FAE04EC0-301F-11D3-BF4B-00C04F79EFBC}") = "Unity.ShaderGraph.Editor", "Unity.ShaderGraph.Editor.csproj", "{8893EA19-9D24-06DC-C77D-D6ED5A07A172}"
EndProject
Project("{FAE04EC0-301F-11D3-BF4B-00C04F79EFBC}") = "Unity.RenderPipelines.Universal.Editor", "Unity.RenderPipelines.Universal.Editor.csproj", "{0A9A736B-4F8A-16AC-8490-A6A5E8F6AEDF}"
EndProject
Project("{FAE04EC0-301F-11D3-BF4B-00C04F79EFBC}") = "Unity.TextMeshPro.Editor", "Unity.TextMeshPro.Editor.csproj", "{63E4FC22-1FD9-08FF-DDE5-BAA66619CAAE}"
EndProject
Project("{FAE04EC0-301F-11D3-BF4B-00C04F79EFBC}") = "Unity.VisualScripting.Flow", "Unity.VisualScripting.Flow.csproj", "{8D3B47BE-A677-F9DB-49CE-B3AC2EC56656}"
EndProject
Project("{FAE04EC0-301F-11D3-BF4B-00C04F79EFBC}") = "Unity.RenderPipelines.Universal.Runtime", "Unity.RenderPipelines.Universal.Runtime.csproj", "{B24E4720-69BC-23B3-30E1-391E3AADD8E4}"
EndProject
Project("{FAE04EC0-301F-11D3-BF4B-00C04F79EFBC}") = "UnityEditor.UI", "UnityEditor.UI.csproj", "{6FAC4099-375D-2006-9F09-68704F65B851}"
EndProject
Project("{FAE04EC0-301F-11D3-BF4B-00C04F79EFBC}") = "Unity.PlasticSCM.Editor", "Unity.PlasticSCM.Editor.csproj", "{B5491A60-8A14-1CA8-DEB9-F79AA5B0C2B6}"
EndProject
Project("{FAE04EC0-301F-11D3-BF4B-00C04F79EFBC}") = "Unity.RenderPipelines.Core.Runtime", "Unity.RenderPipelines.Core.Runtime.csproj", "{45206C9E-8B00-11D2-F685-C8E707341A95}"
EndProject
Project("{FAE04EC0-301F-11D3-BF4B-00C04F79EFBC}") = "Unity.VisualScripting.Core", "Unity.VisualScripting.Core.csproj", "{C530633B-F10D-A8E5-7A0A-1FE6D0A91002}"
EndProject
Project("{FAE04EC0-301F-11D3-BF4B-00C04F79EFBC}") = "Unity.Mathematics", "Unity.Mathematics.csproj", "{92641F68-12CE-A4D2-E124-21B714FCEFE6}"
EndProject
Project("{FAE04EC0-301F-11D3-BF4B-00C04F79EFBC}") = "Unity.RenderPipelines.Core.Editor", "Unity.RenderPipelines.Core.Editor.csproj", "{228DA0D9-AB25-8B8A-C62A-633F3B49E376}"
EndProject
Project("{FAE04EC0-301F-11D3-BF4B-00C04F79EFBC}") = "Cinemachine", "Cinemachine.csproj", "{88817655-0B58-A894-AC3F-A93713286073}"
EndProject
Project("{FAE04EC0-301F-11D3-BF4B-00C04F79EFBC}") = "Unity.VisualScripting.Core.Editor", "Unity.VisualScripting.Core.Editor.csproj", "{F6E8392E-660A-09CC-02AF-6065D2FB8F12}"
EndProject
Project("{FAE04EC0-301F-11D3-BF4B-00C04F79EFBC}") = "Unity.VisualScripting.Flow.Editor", "Unity.VisualScripting.Flow.Editor.csproj", "{193C8FA0-9B0D-7D03-801F-DD173608075B}"
EndProject
Project("{FAE04EC0-301F-11D3-BF4B-00C04F79EFBC}") = "UnityEditor.TestRunner", "UnityEditor.TestRunner.csproj", "{93C158EE-4B7F-372C-F16F-718E610F4C07}"
EndProject
Project("{FAE04EC0-301F-11D3-BF4B-00C04F79EFBC}") = "Unity.VisualScripting.SettingsProvider.Editor", "Unity.VisualScripting.SettingsProvider.Editor.csproj", "{BA23B008-EDF5-25A4-F0B8-379799241D7B}"
EndProject
Project("{FAE04EC0-301F-11D3-BF4B-00C04F79EFBC}") = "UnityEngine.TestRunner", "UnityEngine.TestRunner.csproj", "{E6E06AD9-42BB-A7B0-BD7B-D2143B7F8FBD}"
EndProject
Project("{FAE04EC0-301F-11D3-BF4B-00C04F79EFBC}") = "Unity.Searcher.Editor", "Unity.Searcher.Editor.csproj", "{FEA083A7-E70F-1B96-EA2B-A45F4E9298C9}"
EndProject
Project("{FAE04EC0-301F-11D3-BF4B-00C04F79EFBC}") = "Unity.Burst", "Unity.Burst.csproj", "{06F63FBE-536D-E142-1C10-31ABA9F3F6DC}"
EndProject
Project("{FAE04EC0-301F-11D3-BF4B-00C04F79EFBC}") = "UnityEngine.UI", "UnityEngine.UI.csproj", "{9699A873-45E3-5CD9-8154-A58B8B840964}"
EndProject
Project("{FAE04EC0-301F-11D3-BF4B-00C04F79EFBC}") = "Unity.AI.Navigation.Editor", "Unity.AI.Navigation.Editor.csproj", "{E69C363A-F950-6F6C-D01D-F2A30715C1B0}"
EndProject
Project("{FAE04EC0-301F-11D3-BF4B-00C04F79EFBC}") = "Unity.VisualStudio.Editor", "Unity.VisualStudio.Editor.csproj", "{F163CC67-0142-4200-CB7E-566520C06D5D}"
EndProject
Project("{FAE04EC0-301F-11D3-BF4B-00C04F79EFBC}") = "Assembly-CSharp", "Assembly-CSharp.csproj", "{848C7DDE-0739-9AC8-79E3-951AB2810B02}"
EndProject
Project("{FAE04EC0-301F-11D3-BF4B-00C04F79EFBC}") = "com.unity.cinemachine.editor", "com.unity.cinemachine.editor.csproj", "{1F2BDE1E-A84E-6CCD-4B08-54DB46467427}"
EndProject
Project("{FAE04EC0-301F-11D3-BF4B-00C04F79EFBC}") = "PPv2URPConverters", "PPv2URPConverters.csproj", "{AACBBDB9-B85E-9081-F82C-9C60749DCAA3}"
EndProject
Project("{FAE04EC0-301F-11D3-BF4B-00C04F79EFBC}") = "Unity.Rider.Editor", "Unity.Rider.Editor.csproj", "{BD5040B7-4AB5-F73D-3249-913DB7B9E8BD}"
EndProject
Project("{FAE04EC0-301F-11D3-BF4B-00C04F79EFBC}") = "Unity.AI.Navigation", "Unity.AI.Navigation.csproj", "{C669E265-BAE8-D8A5-5DAB-2EB8F842FA02}"
EndProject
Project("{FAE04EC0-301F-11D3-BF4B-00C04F79EFBC}") = "Unity.AI.Navigation.Editor.ConversionSystem", "Unity.AI.Navigation.Editor.ConversionSystem.csproj", "{652FC7B7-F964-7E11-1E99-46C9A39BE5C3}"
EndProject
Project("{FAE04EC0-301F-11D3-BF4B-00C04F79EFBC}") = "Unity.VisualScripting.State.Editor", "Unity.VisualScripting.State.Editor.csproj", "{B64470CE-8BAD-2C0F-6465-985B64C9B713}"
EndProject
Project("{FAE04EC0-301F-11D3-BF4B-00C04F79EFBC}") = "Unity.Burst.CodeGen", "Unity.Burst.CodeGen.csproj", "{DCC9863B-6290-32B1-7536-17A38F562D66}"
EndProject
Project("{FAE04EC0-301F-11D3-BF4B-00C04F79EFBC}") = "Unity.RenderPipeline.Universal.ShaderLibrary", "Unity.RenderPipeline.Universal.ShaderLibrary.csproj", "{A72627C7-0D72-44B8-EC22-2767395D898E}"
EndProject
Project("{FAE04EC0-301F-11D3-BF4B-00C04F79EFBC}") = "Unity.VisualScripting.State", "Unity.VisualScripting.State.csproj", "{E1F9304F-1576-5F5C-A85D-5DCB7BBCC0FE}"
EndProject
Project("{FAE04EC0-301F-11D3-BF4B-00C04F79EFBC}") = "Unity.TextMeshPro", "Unity.TextMeshPro.csproj", "{969186C8-0F98-13BB-8245-799669C74015}"
EndProject
Project("{FAE04EC0-301F-11D3-BF4B-00C04F79EFBC}") = "Unity.VSCode.Editor", "Unity.VSCode.Editor.csproj", "{89CAAD98-6E4A-C44F-3995-A7E0A9231ED5}"
EndProject
Project("{FAE04EC0-301F-11D3-BF4B-00C04F79EFBC}") = "Unity.Burst.Editor", "Unity.Burst.Editor.csproj", "{E15E5E21-16E1-DE2E-E06F-A6F9EC797CB9}"
EndProject
Project("{FAE04EC0-301F-11D3-BF4B-00C04F79EFBC}") = "Unity.Sysroot.Linux_x86_64", "Unity.Sysroot.Linux_x86_64.csproj", "{2CC9BD02-3861-B7D5-60E6-B443F9A71835}"
EndProject
Project("{FAE04EC0-301F-11D3-BF4B-00C04F79EFBC}") = "Unity.TerrainTools", "Unity.TerrainTools.csproj", "{6C9FAE7C-75C0-8FDE-9FE3-88AC89AC38F7}"
EndProject
Project("{FAE04EC0-301F-11D3-BF4B-00C04F79EFBC}") = "Unity.AI.Navigation.Updater", "Unity.AI.Navigation.Updater.csproj", "{7E5B10FB-7625-9437-015D-981992B2D6C9}"
EndProject
Project("{FAE04EC0-301F-11D3-BF4B-00C04F79EFBC}") = "Assembly-CSharp-Editor", "Assembly-CSharp-Editor.csproj", "{293A6094-077C-28E7-A02F-AB9546EE5DBA}"
EndProject
Project("{FAE04EC0-301F-11D3-BF4B-00C04F79EFBC}") = "Unity.ShaderGraph.Utilities", "Unity.ShaderGraph.Utilities.csproj", "{641F5E22-AEC0-D17D-62B4-D17B1130A493}"
EndProject
Project("{FAE04EC0-301F-11D3-BF4B-00C04F79EFBC}") = "Unity.Mathematics.Editor", "Unity.Mathematics.Editor.csproj", "{A62DD3A2-604C-5B86-2BA8-4A2A57B4B6C9}"
EndProject
Project("{FAE04EC0-301F-11D3-BF4B-00C04F79EFBC}") = "Unity.SysrootPackage.Editor", "Unity.SysrootPackage.Editor.csproj", "{6B6F3FD2-2E56-4AA8-FFF2-CB98AAF3D810}"
EndProject
Project("{FAE04EC0-301F-11D3-BF4B-00C04F79EFBC}") = "Unity.Toolchain.Macos-arm64-Linux-x86_64", "Unity.Toolchain.Macos-arm64-Linux-x86_64.csproj", "{07B2DFA9-83FC-E54F-1738-E294D9EB7D46}"
EndProject
Project("{FAE04EC0-301F-11D3-BF4B-00C04F79EFBC}") = "Unity.VisualScripting.Shared.Editor", "Unity.VisualScripting.Shared.Editor.csproj", "{9540EB9B-A4ED-9439-5A3B-7E7743713243}"
EndProject
Project("{FAE04EC0-301F-11D3-BF4B-00C04F79EFBC}") = "Unity.Toolchain.Win-x86_64-Linux-x86_64", "Unity.Toolchain.Win-x86_64-Linux-x86_64.csproj", "{68DE3835-0309-8627-3FB0-3F7EC0F432E2}"
EndProject
Project("{FAE04EC0-301F-11D3-BF4B-00C04F79EFBC}") = "Unity.RenderPipelines.Universal.Config.Runtime", "Unity.RenderPipelines.Universal.Config.Runtime.csproj", "{5BE62DB5-EFFB-5FB2-1D99-2247A777B05D}"
EndProject
Project("{FAE04EC0-301F-11D3-BF4B-00C04F79EFBC}") = "Unity.CollabProxy.Editor", "Unity.CollabProxy.Editor.csproj", "{C0478715-5744-CF32-FB4F-862630AC008A}"
EndProject
Project("{FAE04EC0-301F-11D3-BF4B-00C04F79EFBC}") = "Unity.RenderPipelines.ShaderGraph.ShaderGraphLibrary", "Unity.RenderPipelines.ShaderGraph.ShaderGraphLibrary.csproj", "{3A217A43-8AE9-7669-4623-68FABA65A0BA}"
EndProject
Project("{FAE04EC0-301F-11D3-BF4B-00C04F79EFBC}") = "Unity.RenderPipelines.Core.ShaderLibrary", "Unity.RenderPipelines.Core.ShaderLibrary.csproj", "{653968F6-4C5C-190D-0F85-E128EE81D006}"
EndProject
Project("{FAE04EC0-301F-11D3-BF4B-00C04F79EFBC}") = "Unity.RenderPipelines.Universal.Shaders", "Unity.RenderPipelines.Universal.Shaders.csproj", "{C707C919-5737-CEB2-7CE8-EAE776191931}"
EndProject
Project("{FAE04EC0-301F-11D3-BF4B-00C04F79EFBC}") = "Unity.Timeline", "Unity.Timeline.Player.csproj", "{1456433D-D58C-4F2D-EC78-78379A5CD4B0}"
EndProject
Project("{FAE04EC0-301F-11D3-BF4B-00C04F79EFBC}") = "Unity.VisualScripting.Flow", "Unity.VisualScripting.Flow.Player.csproj", "{E178A7EA-6CBE-2E7A-FE21-90B7987B7515}"
EndProject
Project("{FAE04EC0-301F-11D3-BF4B-00C04F79EFBC}") = "Unity.RenderPipelines.Universal.Runtime", "Unity.RenderPipelines.Universal.Runtime.Player.csproj", "{10DE0FA2-5CE8-6159-3755-1CC3C32DB767}"
EndProject
Project("{FAE04EC0-301F-11D3-BF4B-00C04F79EFBC}") = "Unity.RenderPipelines.Core.Runtime", "Unity.RenderPipelines.Core.Runtime.Player.csproj", "{1579951E-59A6-4F23-5546-CAC0DF6D4F30}"
EndProject
Project("{FAE04EC0-301F-11D3-BF4B-00C04F79EFBC}") = "Unity.VisualScripting.Core", "Unity.VisualScripting.Core.Player.csproj", "{8703F939-DAAF-F8A6-D66F-42E8A5505CF1}"
EndProject
Project("{FAE04EC0-301F-11D3-BF4B-00C04F79EFBC}") = "Unity.Mathematics", "Unity.Mathematics.Player.csproj", "{C260F7D7-E93E-C18D-4D1F-E3CC173FB543}"
EndProject
Project("{FAE04EC0-301F-11D3-BF4B-00C04F79EFBC}") = "Cinemachine", "Cinemachine.Player.csproj", "{925CD6E4-E292-45DC-041C-7B3115D61BE2}"
EndProject
Project("{FAE04EC0-301F-11D3-BF4B-00C04F79EFBC}") = "UnityEngine.TestRunner", "UnityEngine.TestRunner.Player.csproj", "{EA38A4D8-0E3E-CBC6-2B54-2252E34D925C}"
EndProject
Project("{FAE04EC0-301F-11D3-BF4B-00C04F79EFBC}") = "Unity.Burst", "Unity.Burst.Player.csproj", "{AE14D52F-6BF2-3315-3804-0053A217DE5B}"
EndProject
Project("{FAE04EC0-301F-11D3-BF4B-00C04F79EFBC}") = "UnityEngine.UI", "UnityEngine.UI.Player.csproj", "{E5D5A253-59BB-DA4C-691E-DC142C2FFCB5}"
EndProject
Project("{FAE04EC0-301F-11D3-BF4B-00C04F79EFBC}") = "Assembly-CSharp", "Assembly-CSharp.Player.csproj", "{B3F6AEB7-87A7-00B0-38FE-433BFE595CAB}"
EndProject
Project("{FAE04EC0-301F-11D3-BF4B-00C04F79EFBC}") = "Unity.AI.Navigation", "Unity.AI.Navigation.Player.csproj", "{17898ED7-62BE-877F-EB9D-720CB7488BCD}"
EndProject
Project("{FAE04EC0-301F-11D3-BF4B-00C04F79EFBC}") = "Unity.RenderPipeline.Universal.ShaderLibrary", "Unity.RenderPipeline.Universal.ShaderLibrary.Player.csproj", "{859582AB-18B9-45DC-4C73-9A571EA79AE1}"
EndProject
Project("{FAE04EC0-301F-11D3-BF4B-00C04F79EFBC}") = "Unity.VisualScripting.State", "Unity.VisualScripting.State.Player.csproj", "{AB4F8C8E-6313-D096-C149-601376EC150E}"
EndProject
Project("{FAE04EC0-301F-11D3-BF4B-00C04F79EFBC}") = "Unity.TextMeshPro", "Unity.TextMeshPro.Player.csproj", "{D08180BB-5A53-F33E-286B-CF7A9813932E}"
EndProject
Project("{FAE04EC0-301F-11D3-BF4B-00C04F79EFBC}") = "Unity.TerrainTools", "Unity.TerrainTools.Player.csproj", "{F31A1E45-1C73-2168-DE47-E314F6A05908}"
EndProject
Project("{FAE04EC0-301F-11D3-BF4B-00C04F79EFBC}") = "Unity.RenderPipelines.Universal.Config.Runtime", "Unity.RenderPipelines.Universal.Config.Runtime.Player.csproj", "{B0CFFE4F-8BA0-9863-1C0B-E201B04C2187}"
EndProject
Project("{FAE04EC0-301F-11D3-BF4B-00C04F79EFBC}") = "Unity.RenderPipelines.ShaderGraph.ShaderGraphLibrary", "Unity.RenderPipelines.ShaderGraph.ShaderGraphLibrary.Player.csproj", "{AA6AD762-05CE-2989-ED1A-7493F1A274CE}"
EndProject
Project("{FAE04EC0-301F-11D3-BF4B-00C04F79EFBC}") = "Unity.RenderPipelines.Core.ShaderLibrary", "Unity.RenderPipelines.Core.ShaderLibrary.Player.csproj", "{C4028BD9-C5E8-C63F-EF7C-C0692DBD20C0}"
EndProject
Project("{FAE04EC0-301F-11D3-BF4B-00C04F79EFBC}") = "Unity.RenderPipelines.Universal.Shaders", "Unity.RenderPipelines.Universal.Shaders.Player.csproj", "{CE6BEBE6-24AA-4125-2B4A-FDB4EE5B6305}"
EndProject
Global
	GlobalSection(SolutionConfigurationPlatforms) = preSolution
		Debug|Any CPU = Debug|Any CPU
		Release|Any CPU = Release|Any CPU
	EndGlobalSection
	GlobalSection(ProjectConfigurationPlatforms) = postSolution
		{3A1B12D8-7E53-0A61-9CA1-784D3A6EEFB4}.Debug|Any CPU.ActiveCfg = Debug|Any CPU
		{3A1B12D8-7E53-0A61-9CA1-784D3A6EEFB4}.Debug|Any CPU.Build.0 = Debug|Any CPU
		{3A1B12D8-7E53-0A61-9CA1-784D3A6EEFB4}.Release|Any CPU.ActiveCfg = Release|Any CPU
		{3A1B12D8-7E53-0A61-9CA1-784D3A6EEFB4}.Release|Any CPU.Build.0 = Release|Any CPU
		{81DBB93D-BEC3-2FFA-6963-DE49D3819220}.Debug|Any CPU.ActiveCfg = Debug|Any CPU
		{81DBB93D-BEC3-2FFA-6963-DE49D3819220}.Debug|Any CPU.Build.0 = Debug|Any CPU
		{81DBB93D-BEC3-2FFA-6963-DE49D3819220}.Release|Any CPU.ActiveCfg = Release|Any CPU
		{81DBB93D-BEC3-2FFA-6963-DE49D3819220}.Release|Any CPU.Build.0 = Release|Any CPU
		{624DD7AC-2E67-C9D3-EDED-048D8DB5ED2B}.Debug|Any CPU.ActiveCfg = Debug|Any CPU
		{624DD7AC-2E67-C9D3-EDED-048D8DB5ED2B}.Debug|Any CPU.Build.0 = Debug|Any CPU
		{624DD7AC-2E67-C9D3-EDED-048D8DB5ED2B}.Release|Any CPU.ActiveCfg = Release|Any CPU
		{624DD7AC-2E67-C9D3-EDED-048D8DB5ED2B}.Release|Any CPU.Build.0 = Release|Any CPU
		{8893EA19-9D24-06DC-C77D-D6ED5A07A172}.Debug|Any CPU.ActiveCfg = Debug|Any CPU
		{8893EA19-9D24-06DC-C77D-D6ED5A07A172}.Debug|Any CPU.Build.0 = Debug|Any CPU
		{8893EA19-9D24-06DC-C77D-D6ED5A07A172}.Release|Any CPU.ActiveCfg = Release|Any CPU
		{8893EA19-9D24-06DC-C77D-D6ED5A07A172}.Release|Any CPU.Build.0 = Release|Any CPU
		{0A9A736B-4F8A-16AC-8490-A6A5E8F6AEDF}.Debug|Any CPU.ActiveCfg = Debug|Any CPU
		{0A9A736B-4F8A-16AC-8490-A6A5E8F6AEDF}.Debug|Any CPU.Build.0 = Debug|Any CPU
		{0A9A736B-4F8A-16AC-8490-A6A5E8F6AEDF}.Release|Any CPU.ActiveCfg = Release|Any CPU
		{0A9A736B-4F8A-16AC-8490-A6A5E8F6AEDF}.Release|Any CPU.Build.0 = Release|Any CPU
		{63E4FC22-1FD9-08FF-DDE5-BAA66619CAAE}.Debug|Any CPU.ActiveCfg = Debug|Any CPU
		{63E4FC22-1FD9-08FF-DDE5-BAA66619CAAE}.Debug|Any CPU.Build.0 = Debug|Any CPU
		{63E4FC22-1FD9-08FF-DDE5-BAA66619CAAE}.Release|Any CPU.ActiveCfg = Release|Any CPU
		{63E4FC22-1FD9-08FF-DDE5-BAA66619CAAE}.Release|Any CPU.Build.0 = Release|Any CPU
		{8D3B47BE-A677-F9DB-49CE-B3AC2EC56656}.Debug|Any CPU.ActiveCfg = Debug|Any CPU
		{8D3B47BE-A677-F9DB-49CE-B3AC2EC56656}.Debug|Any CPU.Build.0 = Debug|Any CPU
		{8D3B47BE-A677-F9DB-49CE-B3AC2EC56656}.Release|Any CPU.ActiveCfg = Release|Any CPU
		{8D3B47BE-A677-F9DB-49CE-B3AC2EC56656}.Release|Any CPU.Build.0 = Release|Any CPU
		{B24E4720-69BC-23B3-30E1-391E3AADD8E4}.Debug|Any CPU.ActiveCfg = Debug|Any CPU
		{B24E4720-69BC-23B3-30E1-391E3AADD8E4}.Debug|Any CPU.Build.0 = Debug|Any CPU
		{B24E4720-69BC-23B3-30E1-391E3AADD8E4}.Release|Any CPU.ActiveCfg = Release|Any CPU
		{B24E4720-69BC-23B3-30E1-391E3AADD8E4}.Release|Any CPU.Build.0 = Release|Any CPU
		{6FAC4099-375D-2006-9F09-68704F65B851}.Debug|Any CPU.ActiveCfg = Debug|Any CPU
		{6FAC4099-375D-2006-9F09-68704F65B851}.Debug|Any CPU.Build.0 = Debug|Any CPU
		{6FAC4099-375D-2006-9F09-68704F65B851}.Release|Any CPU.ActiveCfg = Release|Any CPU
		{6FAC4099-375D-2006-9F09-68704F65B851}.Release|Any CPU.Build.0 = Release|Any CPU
		{B5491A60-8A14-1CA8-DEB9-F79AA5B0C2B6}.Debug|Any CPU.ActiveCfg = Debug|Any CPU
		{B5491A60-8A14-1CA8-DEB9-F79AA5B0C2B6}.Debug|Any CPU.Build.0 = Debug|Any CPU
		{B5491A60-8A14-1CA8-DEB9-F79AA5B0C2B6}.Release|Any CPU.ActiveCfg = Release|Any CPU
		{B5491A60-8A14-1CA8-DEB9-F79AA5B0C2B6}.Release|Any CPU.Build.0 = Release|Any CPU
		{45206C9E-8B00-11D2-F685-C8E707341A95}.Debug|Any CPU.ActiveCfg = Debug|Any CPU
		{45206C9E-8B00-11D2-F685-C8E707341A95}.Debug|Any CPU.Build.0 = Debug|Any CPU
		{45206C9E-8B00-11D2-F685-C8E707341A95}.Release|Any CPU.ActiveCfg = Release|Any CPU
		{45206C9E-8B00-11D2-F685-C8E707341A95}.Release|Any CPU.Build.0 = Release|Any CPU
		{C530633B-F10D-A8E5-7A0A-1FE6D0A91002}.Debug|Any CPU.ActiveCfg = Debug|Any CPU
		{C530633B-F10D-A8E5-7A0A-1FE6D0A91002}.Debug|Any CPU.Build.0 = Debug|Any CPU
		{C530633B-F10D-A8E5-7A0A-1FE6D0A91002}.Release|Any CPU.ActiveCfg = Release|Any CPU
		{C530633B-F10D-A8E5-7A0A-1FE6D0A91002}.Release|Any CPU.Build.0 = Release|Any CPU
		{92641F68-12CE-A4D2-E124-21B714FCEFE6}.Debug|Any CPU.ActiveCfg = Debug|Any CPU
		{92641F68-12CE-A4D2-E124-21B714FCEFE6}.Debug|Any CPU.Build.0 = Debug|Any CPU
		{92641F68-12CE-A4D2-E124-21B714FCEFE6}.Release|Any CPU.ActiveCfg = Release|Any CPU
		{92641F68-12CE-A4D2-E124-21B714FCEFE6}.Release|Any CPU.Build.0 = Release|Any CPU
		{228DA0D9-AB25-8B8A-C62A-633F3B49E376}.Debug|Any CPU.ActiveCfg = Debug|Any CPU
		{228DA0D9-AB25-8B8A-C62A-633F3B49E376}.Debug|Any CPU.Build.0 = Debug|Any CPU
		{228DA0D9-AB25-8B8A-C62A-633F3B49E376}.Release|Any CPU.ActiveCfg = Release|Any CPU
		{228DA0D9-AB25-8B8A-C62A-633F3B49E376}.Release|Any CPU.Build.0 = Release|Any CPU
		{88817655-0B58-A894-AC3F-A93713286073}.Debug|Any CPU.ActiveCfg = Debug|Any CPU
		{88817655-0B58-A894-AC3F-A93713286073}.Debug|Any CPU.Build.0 = Debug|Any CPU
		{88817655-0B58-A894-AC3F-A93713286073}.Release|Any CPU.ActiveCfg = Release|Any CPU
		{88817655-0B58-A894-AC3F-A93713286073}.Release|Any CPU.Build.0 = Release|Any CPU
		{F6E8392E-660A-09CC-02AF-6065D2FB8F12}.Debug|Any CPU.ActiveCfg = Debug|Any CPU
		{F6E8392E-660A-09CC-02AF-6065D2FB8F12}.Debug|Any CPU.Build.0 = Debug|Any CPU
		{F6E8392E-660A-09CC-02AF-6065D2FB8F12}.Release|Any CPU.ActiveCfg = Release|Any CPU
		{F6E8392E-660A-09CC-02AF-6065D2FB8F12}.Release|Any CPU.Build.0 = Release|Any CPU
		{193C8FA0-9B0D-7D03-801F-DD173608075B}.Debug|Any CPU.ActiveCfg = Debug|Any CPU
		{193C8FA0-9B0D-7D03-801F-DD173608075B}.Debug|Any CPU.Build.0 = Debug|Any CPU
		{193C8FA0-9B0D-7D03-801F-DD173608075B}.Release|Any CPU.ActiveCfg = Release|Any CPU
		{193C8FA0-9B0D-7D03-801F-DD173608075B}.Release|Any CPU.Build.0 = Release|Any CPU
		{93C158EE-4B7F-372C-F16F-718E610F4C07}.Debug|Any CPU.ActiveCfg = Debug|Any CPU
		{93C158EE-4B7F-372C-F16F-718E610F4C07}.Debug|Any CPU.Build.0 = Debug|Any CPU
		{93C158EE-4B7F-372C-F16F-718E610F4C07}.Release|Any CPU.ActiveCfg = Release|Any CPU
		{93C158EE-4B7F-372C-F16F-718E610F4C07}.Release|Any CPU.Build.0 = Release|Any CPU
		{BA23B008-EDF5-25A4-F0B8-379799241D7B}.Debug|Any CPU.ActiveCfg = Debug|Any CPU
		{BA23B008-EDF5-25A4-F0B8-379799241D7B}.Debug|Any CPU.Build.0 = Debug|Any CPU
		{BA23B008-EDF5-25A4-F0B8-379799241D7B}.Release|Any CPU.ActiveCfg = Release|Any CPU
		{BA23B008-EDF5-25A4-F0B8-379799241D7B}.Release|Any CPU.Build.0 = Release|Any CPU
		{E6E06AD9-42BB-A7B0-BD7B-D2143B7F8FBD}.Debug|Any CPU.ActiveCfg = Debug|Any CPU
		{E6E06AD9-42BB-A7B0-BD7B-D2143B7F8FBD}.Debug|Any CPU.Build.0 = Debug|Any CPU
		{E6E06AD9-42BB-A7B0-BD7B-D2143B7F8FBD}.Release|Any CPU.ActiveCfg = Release|Any CPU
		{E6E06AD9-42BB-A7B0-BD7B-D2143B7F8FBD}.Release|Any CPU.Build.0 = Release|Any CPU
		{FEA083A7-E70F-1B96-EA2B-A45F4E9298C9}.Debug|Any CPU.ActiveCfg = Debug|Any CPU
		{FEA083A7-E70F-1B96-EA2B-A45F4E9298C9}.Debug|Any CPU.Build.0 = Debug|Any CPU
		{FEA083A7-E70F-1B96-EA2B-A45F4E9298C9}.Release|Any CPU.ActiveCfg = Release|Any CPU
		{FEA083A7-E70F-1B96-EA2B-A45F4E9298C9}.Release|Any CPU.Build.0 = Release|Any CPU
		{06F63FBE-536D-E142-1C10-31ABA9F3F6DC}.Debug|Any CPU.ActiveCfg = Debug|Any CPU
		{06F63FBE-536D-E142-1C10-31ABA9F3F6DC}.Debug|Any CPU.Build.0 = Debug|Any CPU
		{06F63FBE-536D-E142-1C10-31ABA9F3F6DC}.Release|Any CPU.ActiveCfg = Release|Any CPU
		{06F63FBE-536D-E142-1C10-31ABA9F3F6DC}.Release|Any CPU.Build.0 = Release|Any CPU
		{9699A873-45E3-5CD9-8154-A58B8B840964}.Debug|Any CPU.ActiveCfg = Debug|Any CPU
		{9699A873-45E3-5CD9-8154-A58B8B840964}.Debug|Any CPU.Build.0 = Debug|Any CPU
		{9699A873-45E3-5CD9-8154-A58B8B840964}.Release|Any CPU.ActiveCfg = Release|Any CPU
		{9699A873-45E3-5CD9-8154-A58B8B840964}.Release|Any CPU.Build.0 = Release|Any CPU
		{E69C363A-F950-6F6C-D01D-F2A30715C1B0}.Debug|Any CPU.ActiveCfg = Debug|Any CPU
		{E69C363A-F950-6F6C-D01D-F2A30715C1B0}.Debug|Any CPU.Build.0 = Debug|Any CPU
		{E69C363A-F950-6F6C-D01D-F2A30715C1B0}.Release|Any CPU.ActiveCfg = Release|Any CPU
		{E69C363A-F950-6F6C-D01D-F2A30715C1B0}.Release|Any CPU.Build.0 = Release|Any CPU
		{F163CC67-0142-4200-CB7E-566520C06D5D}.Debug|Any CPU.ActiveCfg = Debug|Any CPU
		{F163CC67-0142-4200-CB7E-566520C06D5D}.Debug|Any CPU.Build.0 = Debug|Any CPU
		{F163CC67-0142-4200-CB7E-566520C06D5D}.Release|Any CPU.ActiveCfg = Release|Any CPU
		{F163CC67-0142-4200-CB7E-566520C06D5D}.Release|Any CPU.Build.0 = Release|Any CPU
		{848C7DDE-0739-9AC8-79E3-951AB2810B02}.Debug|Any CPU.ActiveCfg = Debug|Any CPU
		{848C7DDE-0739-9AC8-79E3-951AB2810B02}.Debug|Any CPU.Build.0 = Debug|Any CPU
		{848C7DDE-0739-9AC8-79E3-951AB2810B02}.Release|Any CPU.ActiveCfg = Release|Any CPU
		{848C7DDE-0739-9AC8-79E3-951AB2810B02}.Release|Any CPU.Build.0 = Release|Any CPU
		{1F2BDE1E-A84E-6CCD-4B08-54DB46467427}.Debug|Any CPU.ActiveCfg = Debug|Any CPU
		{1F2BDE1E-A84E-6CCD-4B08-54DB46467427}.Debug|Any CPU.Build.0 = Debug|Any CPU
		{1F2BDE1E-A84E-6CCD-4B08-54DB46467427}.Release|Any CPU.ActiveCfg = Release|Any CPU
		{1F2BDE1E-A84E-6CCD-4B08-54DB46467427}.Release|Any CPU.Build.0 = Release|Any CPU
		{AACBBDB9-B85E-9081-F82C-9C60749DCAA3}.Debug|Any CPU.ActiveCfg = Debug|Any CPU
		{AACBBDB9-B85E-9081-F82C-9C60749DCAA3}.Debug|Any CPU.Build.0 = Debug|Any CPU
		{AACBBDB9-B85E-9081-F82C-9C60749DCAA3}.Release|Any CPU.ActiveCfg = Release|Any CPU
		{AACBBDB9-B85E-9081-F82C-9C60749DCAA3}.Release|Any CPU.Build.0 = Release|Any CPU
		{BD5040B7-4AB5-F73D-3249-913DB7B9E8BD}.Debug|Any CPU.ActiveCfg = Debug|Any CPU
		{BD5040B7-4AB5-F73D-3249-913DB7B9E8BD}.Debug|Any CPU.Build.0 = Debug|Any CPU
		{BD5040B7-4AB5-F73D-3249-913DB7B9E8BD}.Release|Any CPU.ActiveCfg = Release|Any CPU
		{BD5040B7-4AB5-F73D-3249-913DB7B9E8BD}.Release|Any CPU.Build.0 = Release|Any CPU
		{C669E265-BAE8-D8A5-5DAB-2EB8F842FA02}.Debug|Any CPU.ActiveCfg = Debug|Any CPU
		{C669E265-BAE8-D8A5-5DAB-2EB8F842FA02}.Debug|Any CPU.Build.0 = Debug|Any CPU
		{C669E265-BAE8-D8A5-5DAB-2EB8F842FA02}.Release|Any CPU.ActiveCfg = Release|Any CPU
		{C669E265-BAE8-D8A5-5DAB-2EB8F842FA02}.Release|Any CPU.Build.0 = Release|Any CPU
		{652FC7B7-F964-7E11-1E99-46C9A39BE5C3}.Debug|Any CPU.ActiveCfg = Debug|Any CPU
		{652FC7B7-F964-7E11-1E99-46C9A39BE5C3}.Debug|Any CPU.Build.0 = Debug|Any CPU
		{652FC7B7-F964-7E11-1E99-46C9A39BE5C3}.Release|Any CPU.ActiveCfg = Release|Any CPU
		{652FC7B7-F964-7E11-1E99-46C9A39BE5C3}.Release|Any CPU.Build.0 = Release|Any CPU
		{B64470CE-8BAD-2C0F-6465-985B64C9B713}.Debug|Any CPU.ActiveCfg = Debug|Any CPU
		{B64470CE-8BAD-2C0F-6465-985B64C9B713}.Debug|Any CPU.Build.0 = Debug|Any CPU
		{B64470CE-8BAD-2C0F-6465-985B64C9B713}.Release|Any CPU.ActiveCfg = Release|Any CPU
		{B64470CE-8BAD-2C0F-6465-985B64C9B713}.Release|Any CPU.Build.0 = Release|Any CPU
		{DCC9863B-6290-32B1-7536-17A38F562D66}.Debug|Any CPU.ActiveCfg = Debug|Any CPU
		{DCC9863B-6290-32B1-7536-17A38F562D66}.Debug|Any CPU.Build.0 = Debug|Any CPU
		{DCC9863B-6290-32B1-7536-17A38F562D66}.Release|Any CPU.ActiveCfg = Release|Any CPU
		{DCC9863B-6290-32B1-7536-17A38F562D66}.Release|Any CPU.Build.0 = Release|Any CPU
		{A72627C7-0D72-44B8-EC22-2767395D898E}.Debug|Any CPU.ActiveCfg = Debug|Any CPU
		{A72627C7-0D72-44B8-EC22-2767395D898E}.Debug|Any CPU.Build.0 = Debug|Any CPU
		{A72627C7-0D72-44B8-EC22-2767395D898E}.Release|Any CPU.ActiveCfg = Release|Any CPU
		{A72627C7-0D72-44B8-EC22-2767395D898E}.Release|Any CPU.Build.0 = Release|Any CPU
		{E1F9304F-1576-5F5C-A85D-5DCB7BBCC0FE}.Debug|Any CPU.ActiveCfg = Debug|Any CPU
		{E1F9304F-1576-5F5C-A85D-5DCB7BBCC0FE}.Debug|Any CPU.Build.0 = Debug|Any CPU
		{E1F9304F-1576-5F5C-A85D-5DCB7BBCC0FE}.Release|Any CPU.ActiveCfg = Release|Any CPU
		{E1F9304F-1576-5F5C-A85D-5DCB7BBCC0FE}.Release|Any CPU.Build.0 = Release|Any CPU
		{969186C8-0F98-13BB-8245-799669C74015}.Debug|Any CPU.ActiveCfg = Debug|Any CPU
		{969186C8-0F98-13BB-8245-799669C74015}.Debug|Any CPU.Build.0 = Debug|Any CPU
		{969186C8-0F98-13BB-8245-799669C74015}.Release|Any CPU.ActiveCfg = Release|Any CPU
		{969186C8-0F98-13BB-8245-799669C74015}.Release|Any CPU.Build.0 = Release|Any CPU
		{89CAAD98-6E4A-C44F-3995-A7E0A9231ED5}.Debug|Any CPU.ActiveCfg = Debug|Any CPU
		{89CAAD98-6E4A-C44F-3995-A7E0A9231ED5}.Debug|Any CPU.Build.0 = Debug|Any CPU
		{89CAAD98-6E4A-C44F-3995-A7E0A9231ED5}.Release|Any CPU.ActiveCfg = Release|Any CPU
		{89CAAD98-6E4A-C44F-3995-A7E0A9231ED5}.Release|Any CPU.Build.0 = Release|Any CPU
		{E15E5E21-16E1-DE2E-E06F-A6F9EC797CB9}.Debug|Any CPU.ActiveCfg = Debug|Any CPU
		{E15E5E21-16E1-DE2E-E06F-A6F9EC797CB9}.Debug|Any CPU.Build.0 = Debug|Any CPU
		{E15E5E21-16E1-DE2E-E06F-A6F9EC797CB9}.Release|Any CPU.ActiveCfg = Release|Any CPU
		{E15E5E21-16E1-DE2E-E06F-A6F9EC797CB9}.Release|Any CPU.Build.0 = Release|Any CPU
		{2CC9BD02-3861-B7D5-60E6-B443F9A71835}.Debug|Any CPU.ActiveCfg = Debug|Any CPU
		{2CC9BD02-3861-B7D5-60E6-B443F9A71835}.Debug|Any CPU.Build.0 = Debug|Any CPU
		{2CC9BD02-3861-B7D5-60E6-B443F9A71835}.Release|Any CPU.ActiveCfg = Release|Any CPU
		{2CC9BD02-3861-B7D5-60E6-B443F9A71835}.Release|Any CPU.Build.0 = Release|Any CPU
		{6C9FAE7C-75C0-8FDE-9FE3-88AC89AC38F7}.Debug|Any CPU.ActiveCfg = Debug|Any CPU
		{6C9FAE7C-75C0-8FDE-9FE3-88AC89AC38F7}.Debug|Any CPU.Build.0 = Debug|Any CPU
		{6C9FAE7C-75C0-8FDE-9FE3-88AC89AC38F7}.Release|Any CPU.ActiveCfg = Release|Any CPU
		{6C9FAE7C-75C0-8FDE-9FE3-88AC89AC38F7}.Release|Any CPU.Build.0 = Release|Any CPU
		{7E5B10FB-7625-9437-015D-981992B2D6C9}.Debug|Any CPU.ActiveCfg = Debug|Any CPU
		{7E5B10FB-7625-9437-015D-981992B2D6C9}.Debug|Any CPU.Build.0 = Debug|Any CPU
		{7E5B10FB-7625-9437-015D-981992B2D6C9}.Release|Any CPU.ActiveCfg = Release|Any CPU
		{7E5B10FB-7625-9437-015D-981992B2D6C9}.Release|Any CPU.Build.0 = Release|Any CPU
		{293A6094-077C-28E7-A02F-AB9546EE5DBA}.Debug|Any CPU.ActiveCfg = Debug|Any CPU
		{293A6094-077C-28E7-A02F-AB9546EE5DBA}.Debug|Any CPU.Build.0 = Debug|Any CPU
		{293A6094-077C-28E7-A02F-AB9546EE5DBA}.Release|Any CPU.ActiveCfg = Release|Any CPU
		{293A6094-077C-28E7-A02F-AB9546EE5DBA}.Release|Any CPU.Build.0 = Release|Any CPU
		{641F5E22-AEC0-D17D-62B4-D17B1130A493}.Debug|Any CPU.ActiveCfg = Debug|Any CPU
		{641F5E22-AEC0-D17D-62B4-D17B1130A493}.Debug|Any CPU.Build.0 = Debug|Any CPU
		{641F5E22-AEC0-D17D-62B4-D17B1130A493}.Release|Any CPU.ActiveCfg = Release|Any CPU
		{641F5E22-AEC0-D17D-62B4-D17B1130A493}.Release|Any CPU.Build.0 = Release|Any CPU
		{A62DD3A2-604C-5B86-2BA8-4A2A57B4B6C9}.Debug|Any CPU.ActiveCfg = Debug|Any CPU
		{A62DD3A2-604C-5B86-2BA8-4A2A57B4B6C9}.Debug|Any CPU.Build.0 = Debug|Any CPU
		{A62DD3A2-604C-5B86-2BA8-4A2A57B4B6C9}.Release|Any CPU.ActiveCfg = Release|Any CPU
		{A62DD3A2-604C-5B86-2BA8-4A2A57B4B6C9}.Release|Any CPU.Build.0 = Release|Any CPU
		{6B6F3FD2-2E56-4AA8-FFF2-CB98AAF3D810}.Debug|Any CPU.ActiveCfg = Debug|Any CPU
		{6B6F3FD2-2E56-4AA8-FFF2-CB98AAF3D810}.Debug|Any CPU.Build.0 = Debug|Any CPU
		{6B6F3FD2-2E56-4AA8-FFF2-CB98AAF3D810}.Release|Any CPU.ActiveCfg = Release|Any CPU
		{6B6F3FD2-2E56-4AA8-FFF2-CB98AAF3D810}.Release|Any CPU.Build.0 = Release|Any CPU
		{07B2DFA9-83FC-E54F-1738-E294D9EB7D46}.Debug|Any CPU.ActiveCfg = Debug|Any CPU
		{07B2DFA9-83FC-E54F-1738-E294D9EB7D46}.Debug|Any CPU.Build.0 = Debug|Any CPU
		{07B2DFA9-83FC-E54F-1738-E294D9EB7D46}.Release|Any CPU.ActiveCfg = Release|Any CPU
		{07B2DFA9-83FC-E54F-1738-E294D9EB7D46}.Release|Any CPU.Build.0 = Release|Any CPU
		{9540EB9B-A4ED-9439-5A3B-7E7743713243}.Debug|Any CPU.ActiveCfg = Debug|Any CPU
		{9540EB9B-A4ED-9439-5A3B-7E7743713243}.Debug|Any CPU.Build.0 = Debug|Any CPU
		{9540EB9B-A4ED-9439-5A3B-7E7743713243}.Release|Any CPU.ActiveCfg = Release|Any CPU
		{9540EB9B-A4ED-9439-5A3B-7E7743713243}.Release|Any CPU.Build.0 = Release|Any CPU
		{68DE3835-0309-8627-3FB0-3F7EC0F432E2}.Debug|Any CPU.ActiveCfg = Debug|Any CPU
		{68DE3835-0309-8627-3FB0-3F7EC0F432E2}.Debug|Any CPU.Build.0 = Debug|Any CPU
		{68DE3835-0309-8627-3FB0-3F7EC0F432E2}.Release|Any CPU.ActiveCfg = Release|Any CPU
		{68DE3835-0309-8627-3FB0-3F7EC0F432E2}.Release|Any CPU.Build.0 = Release|Any CPU
		{5BE62DB5-EFFB-5FB2-1D99-2247A777B05D}.Debug|Any CPU.ActiveCfg = Debug|Any CPU
		{5BE62DB5-EFFB-5FB2-1D99-2247A777B05D}.Debug|Any CPU.Build.0 = Debug|Any CPU
		{5BE62DB5-EFFB-5FB2-1D99-2247A777B05D}.Release|Any CPU.ActiveCfg = Release|Any CPU
		{5BE62DB5-EFFB-5FB2-1D99-2247A777B05D}.Release|Any CPU.Build.0 = Release|Any CPU
		{C0478715-5744-CF32-FB4F-862630AC008A}.Debug|Any CPU.ActiveCfg = Debug|Any CPU
		{C0478715-5744-CF32-FB4F-862630AC008A}.Debug|Any CPU.Build.0 = Debug|Any CPU
		{C0478715-5744-CF32-FB4F-862630AC008A}.Release|Any CPU.ActiveCfg = Release|Any CPU
		{C0478715-5744-CF32-FB4F-862630AC008A}.Release|Any CPU.Build.0 = Release|Any CPU
		{3A217A43-8AE9-7669-4623-68FABA65A0BA}.Debug|Any CPU.ActiveCfg = Debug|Any CPU
		{3A217A43-8AE9-7669-4623-68FABA65A0BA}.Debug|Any CPU.Build.0 = Debug|Any CPU
		{3A217A43-8AE9-7669-4623-68FABA65A0BA}.Release|Any CPU.ActiveCfg = Release|Any CPU
		{3A217A43-8AE9-7669-4623-68FABA65A0BA}.Release|Any CPU.Build.0 = Release|Any CPU
		{653968F6-4C5C-190D-0F85-E128EE81D006}.Debug|Any CPU.ActiveCfg = Debug|Any CPU
		{653968F6-4C5C-190D-0F85-E128EE81D006}.Debug|Any CPU.Build.0 = Debug|Any CPU
		{653968F6-4C5C-190D-0F85-E128EE81D006}.Release|Any CPU.ActiveCfg = Release|Any CPU
		{653968F6-4C5C-190D-0F85-E128EE81D006}.Release|Any CPU.Build.0 = Release|Any CPU
		{C707C919-5737-CEB2-7CE8-EAE776191931}.Debug|Any CPU.ActiveCfg = Debug|Any CPU
		{C707C919-5737-CEB2-7CE8-EAE776191931}.Debug|Any CPU.Build.0 = Debug|Any CPU
		{C707C919-5737-CEB2-7CE8-EAE776191931}.Release|Any CPU.ActiveCfg = Release|Any CPU
		{C707C919-5737-CEB2-7CE8-EAE776191931}.Release|Any CPU.Build.0 = Release|Any CPU
		{1456433D-D58C-4F2D-EC78-78379A5CD4B0}.Debug|Any CPU.ActiveCfg = Debug|Any CPU
		{1456433D-D58C-4F2D-EC78-78379A5CD4B0}.Debug|Any CPU.Build.0 = Debug|Any CPU
		{1456433D-D58C-4F2D-EC78-78379A5CD4B0}.Release|Any CPU.ActiveCfg = Release|Any CPU
		{1456433D-D58C-4F2D-EC78-78379A5CD4B0}.Release|Any CPU.Build.0 = Release|Any CPU
		{E178A7EA-6CBE-2E7A-FE21-90B7987B7515}.Debug|Any CPU.ActiveCfg = Debug|Any CPU
		{E178A7EA-6CBE-2E7A-FE21-90B7987B7515}.Debug|Any CPU.Build.0 = Debug|Any CPU
		{E178A7EA-6CBE-2E7A-FE21-90B7987B7515}.Release|Any CPU.ActiveCfg = Release|Any CPU
		{E178A7EA-6CBE-2E7A-FE21-90B7987B7515}.Release|Any CPU.Build.0 = Release|Any CPU
		{10DE0FA2-5CE8-6159-3755-1CC3C32DB767}.Debug|Any CPU.ActiveCfg = Debug|Any CPU
		{10DE0FA2-5CE8-6159-3755-1CC3C32DB767}.Debug|Any CPU.Build.0 = Debug|Any CPU
		{10DE0FA2-5CE8-6159-3755-1CC3C32DB767}.Release|Any CPU.ActiveCfg = Release|Any CPU
		{10DE0FA2-5CE8-6159-3755-1CC3C32DB767}.Release|Any CPU.Build.0 = Release|Any CPU
		{1579951E-59A6-4F23-5546-CAC0DF6D4F30}.Debug|Any CPU.ActiveCfg = Debug|Any CPU
		{1579951E-59A6-4F23-5546-CAC0DF6D4F30}.Debug|Any CPU.Build.0 = Debug|Any CPU
		{1579951E-59A6-4F23-5546-CAC0DF6D4F30}.Release|Any CPU.ActiveCfg = Release|Any CPU
		{1579951E-59A6-4F23-5546-CAC0DF6D4F30}.Release|Any CPU.Build.0 = Release|Any CPU
		{8703F939-DAAF-F8A6-D66F-42E8A5505CF1}.Debug|Any CPU.ActiveCfg = Debug|Any CPU
		{8703F939-DAAF-F8A6-D66F-42E8A5505CF1}.Debug|Any CPU.Build.0 = Debug|Any CPU
		{8703F939-DAAF-F8A6-D66F-42E8A5505CF1}.Release|Any CPU.ActiveCfg = Release|Any CPU
		{8703F939-DAAF-F8A6-D66F-42E8A5505CF1}.Release|Any CPU.Build.0 = Release|Any CPU
		{C260F7D7-E93E-C18D-4D1F-E3CC173FB543}.Debug|Any CPU.ActiveCfg = Debug|Any CPU
		{C260F7D7-E93E-C18D-4D1F-E3CC173FB543}.Debug|Any CPU.Build.0 = Debug|Any CPU
		{C260F7D7-E93E-C18D-4D1F-E3CC173FB543}.Release|Any CPU.ActiveCfg = Release|Any CPU
		{C260F7D7-E93E-C18D-4D1F-E3CC173FB543}.Release|Any CPU.Build.0 = Release|Any CPU
		{925CD6E4-E292-45DC-041C-7B3115D61BE2}.Debug|Any CPU.ActiveCfg = Debug|Any CPU
		{925CD6E4-E292-45DC-041C-7B3115D61BE2}.Debug|Any CPU.Build.0 = Debug|Any CPU
		{925CD6E4-E292-45DC-041C-7B3115D61BE2}.Release|Any CPU.ActiveCfg = Release|Any CPU
		{925CD6E4-E292-45DC-041C-7B3115D61BE2}.Release|Any CPU.Build.0 = Release|Any CPU
		{EA38A4D8-0E3E-CBC6-2B54-2252E34D925C}.Debug|Any CPU.ActiveCfg = Debug|Any CPU
		{EA38A4D8-0E3E-CBC6-2B54-2252E34D925C}.Debug|Any CPU.Build.0 = Debug|Any CPU
		{EA38A4D8-0E3E-CBC6-2B54-2252E34D925C}.Release|Any CPU.ActiveCfg = Release|Any CPU
		{EA38A4D8-0E3E-CBC6-2B54-2252E34D925C}.Release|Any CPU.Build.0 = Release|Any CPU
		{AE14D52F-6BF2-3315-3804-0053A217DE5B}.Debug|Any CPU.ActiveCfg = Debug|Any CPU
		{AE14D52F-6BF2-3315-3804-0053A217DE5B}.Debug|Any CPU.Build.0 = Debug|Any CPU
		{AE14D52F-6BF2-3315-3804-0053A217DE5B}.Release|Any CPU.ActiveCfg = Release|Any CPU
		{AE14D52F-6BF2-3315-3804-0053A217DE5B}.Release|Any CPU.Build.0 = Release|Any CPU
		{E5D5A253-59BB-DA4C-691E-DC142C2FFCB5}.Debug|Any CPU.ActiveCfg = Debug|Any CPU
		{E5D5A253-59BB-DA4C-691E-DC142C2FFCB5}.Debug|Any CPU.Build.0 = Debug|Any CPU
		{E5D5A253-59BB-DA4C-691E-DC142C2FFCB5}.Release|Any CPU.ActiveCfg = Release|Any CPU
		{E5D5A253-59BB-DA4C-691E-DC142C2FFCB5}.Release|Any CPU.Build.0 = Release|Any CPU
		{B3F6AEB7-87A7-00B0-38FE-433BFE595CAB}.Debug|Any CPU.ActiveCfg = Debug|Any CPU
		{B3F6AEB7-87A7-00B0-38FE-433BFE595CAB}.Debug|Any CPU.Build.0 = Debug|Any CPU
		{B3F6AEB7-87A7-00B0-38FE-433BFE595CAB}.Release|Any CPU.ActiveCfg = Release|Any CPU
		{B3F6AEB7-87A7-00B0-38FE-433BFE595CAB}.Release|Any CPU.Build.0 = Release|Any CPU
		{17898ED7-62BE-877F-EB9D-720CB7488BCD}.Debug|Any CPU.ActiveCfg = Debug|Any CPU
		{17898ED7-62BE-877F-EB9D-720CB7488BCD}.Debug|Any CPU.Build.0 = Debug|Any CPU
		{17898ED7-62BE-877F-EB9D-720CB7488BCD}.Release|Any CPU.ActiveCfg = Release|Any CPU
		{17898ED7-62BE-877F-EB9D-720CB7488BCD}.Release|Any CPU.Build.0 = Release|Any CPU
		{859582AB-18B9-45DC-4C73-9A571EA79AE1}.Debug|Any CPU.ActiveCfg = Debug|Any CPU
		{859582AB-18B9-45DC-4C73-9A571EA79AE1}.Debug|Any CPU.Build.0 = Debug|Any CPU
		{859582AB-18B9-45DC-4C73-9A571EA79AE1}.Release|Any CPU.ActiveCfg = Release|Any CPU
		{859582AB-18B9-45DC-4C73-9A571EA79AE1}.Release|Any CPU.Build.0 = Release|Any CPU
		{AB4F8C8E-6313-D096-C149-601376EC150E}.Debug|Any CPU.ActiveCfg = Debug|Any CPU
		{AB4F8C8E-6313-D096-C149-601376EC150E}.Debug|Any CPU.Build.0 = Debug|Any CPU
		{AB4F8C8E-6313-D096-C149-601376EC150E}.Release|Any CPU.ActiveCfg = Release|Any CPU
		{AB4F8C8E-6313-D096-C149-601376EC150E}.Release|Any CPU.Build.0 = Release|Any CPU
		{D08180BB-5A53-F33E-286B-CF7A9813932E}.Debug|Any CPU.ActiveCfg = Debug|Any CPU
		{D08180BB-5A53-F33E-286B-CF7A9813932E}.Debug|Any CPU.Build.0 = Debug|Any CPU
		{D08180BB-5A53-F33E-286B-CF7A9813932E}.Release|Any CPU.ActiveCfg = Release|Any CPU
		{D08180BB-5A53-F33E-286B-CF7A9813932E}.Release|Any CPU.Build.0 = Release|Any CPU
		{F31A1E45-1C73-2168-DE47-E314F6A05908}.Debug|Any CPU.ActiveCfg = Debug|Any CPU
		{F31A1E45-1C73-2168-DE47-E314F6A05908}.Debug|Any CPU.Build.0 = Debug|Any CPU
		{F31A1E45-1C73-2168-DE47-E314F6A05908}.Release|Any CPU.ActiveCfg = Release|Any CPU
		{F31A1E45-1C73-2168-DE47-E314F6A05908}.Release|Any CPU.Build.0 = Release|Any CPU
		{B0CFFE4F-8BA0-9863-1C0B-E201B04C2187}.Debug|Any CPU.ActiveCfg = Debug|Any CPU
		{B0CFFE4F-8BA0-9863-1C0B-E201B04C2187}.Debug|Any CPU.Build.0 = Debug|Any CPU
		{B0CFFE4F-8BA0-9863-1C0B-E201B04C2187}.Release|Any CPU.ActiveCfg = Release|Any CPU
		{B0CFFE4F-8BA0-9863-1C0B-E201B04C2187}.Release|Any CPU.Build.0 = Release|Any CPU
		{AA6AD762-05CE-2989-ED1A-7493F1A274CE}.Debug|Any CPU.ActiveCfg = Debug|Any CPU
		{AA6AD762-05CE-2989-ED1A-7493F1A274CE}.Debug|Any CPU.Build.0 = Debug|Any CPU
		{AA6AD762-05CE-2989-ED1A-7493F1A274CE}.Release|Any CPU.ActiveCfg = Release|Any CPU
		{AA6AD762-05CE-2989-ED1A-7493F1A274CE}.Release|Any CPU.Build.0 = Release|Any CPU
		{C4028BD9-C5E8-C63F-EF7C-C0692DBD20C0}.Debug|Any CPU.ActiveCfg = Debug|Any CPU
		{C4028BD9-C5E8-C63F-EF7C-C0692DBD20C0}.Debug|Any CPU.Build.0 = Debug|Any CPU
		{C4028BD9-C5E8-C63F-EF7C-C0692DBD20C0}.Release|Any CPU.ActiveCfg = Release|Any CPU
		{C4028BD9-C5E8-C63F-EF7C-C0692DBD20C0}.Release|Any CPU.Build.0 = Release|Any CPU
		{CE6BEBE6-24AA-4125-2B4A-FDB4EE5B6305}.Debug|Any CPU.ActiveCfg = Debug|Any CPU
		{CE6BEBE6-24AA-4125-2B4A-FDB4EE5B6305}.Debug|Any CPU.Build.0 = Debug|Any CPU
		{CE6BEBE6-24AA-4125-2B4A-FDB4EE5B6305}.Release|Any CPU.ActiveCfg = Release|Any CPU
		{CE6BEBE6-24AA-4125-2B4A-FDB4EE5B6305}.Release|Any CPU.Build.0 = Release|Any CPU
	EndGlobalSection
	GlobalSection(SolutionProperties) = preSolution
		HideSolutionNode = FALSE
	EndGlobalSection
EndGlobal
