
Microsoft Visual Studio Solution File, Format Version 12.00
# Visual Studio 15
Project("{FAE04EC0-301F-11D3-BF4B-00C04F79EFBC}") = "Assembly-CSharp", "Assembly-CSharp.csproj", "{848C7DDE-0739-9AC8-79E3-951AB2810B02}"
EndProject
Project("{FAE04EC0-301F-11D3-BF4B-00C04F79EFBC}") = "Assembly-CSharp-Editor", "Assembly-CSharp-Editor.csproj", "{293A6094-077C-28E7-A02F-AB9546EE5DBA}"
EndProject
Global
	GlobalSection(SolutionConfigurationPlatforms) = preSolution
		Debug|Any CPU = Debug|Any CPU
		Release|Any CPU = Release|Any CPU
	EndGlobalSection
	GlobalSection(ProjectConfigurationPlatforms) = postSolution
		{848C7DDE-0739-9AC8-79E3-951AB2810B02}.Debug|Any CPU.ActiveCfg = Debug|Any CPU
		{848C7DDE-0739-9AC8-79E3-951AB2810B02}.Debug|Any CPU.Build.0 = Debug|Any CPU
		{848C7DDE-0739-9AC8-79E3-951AB2810B02}.Release|Any CPU.ActiveCfg = Release|Any CPU
		{848C7DDE-0739-9AC8-79E3-951AB2810B02}.Release|Any CPU.Build.0 = Release|Any CPU
		{293A6094-077C-28E7-A02F-AB9546EE5DBA}.Debug|Any CPU.ActiveCfg = Debug|Any CPU
		{293A6094-077C-28E7-A02F-AB9546EE5DBA}.Debug|Any CPU.Build.0 = Debug|Any CPU
		{293A6094-077C-28E7-A02F-AB9546EE5DBA}.Release|Any CPU.ActiveCfg = Release|Any CPU
		{293A6094-077C-28E7-A02F-AB9546EE5DBA}.Release|Any CPU.Build.0 = Release|Any CPU
	EndGlobalSection
	GlobalSection(SolutionProperties) = preSolution
		HideSolutionNode = FALSE
	EndGlobalSection
EndGlobal
